
Microsoft Visual Studio Solution File, Format Version 12.00
# Visual Studio Version 17
VisualStudioVersion = 17.4.33213.308
MinimumVisualStudioVersion = 10.0.40219.1
Project("{FAE04EC0-301F-11D3-BF4B-00C04F79EFBC}") = "Backend", "Backend.csproj", "{D969D74E-B88C-43C3-8732-049BE39BC2FD}"
EndProject
Global
	GlobalSection(SolutionConfigurationPlatforms) = preSolution
		Debug|Any CPU = Debug|Any CPU
		Release|Any CPU = Release|Any CPU
	EndGlobalSection
	GlobalSection(ProjectConfigurationPlatforms) = postSolution
		{D969D74E-B88C-43C3-8732-049BE39BC2FD}.Debug|Any CPU.ActiveCfg = Debug|Any CPU
		{D969D74E-B88C-43C3-8732-049BE39BC2FD}.Debug|Any CPU.Build.0 = Debug|Any CPU
		{D969D74E-B88C-43C3-8732-049BE39BC2FD}.Release|Any CPU.ActiveCfg = Release|Any CPU
		{D969D74E-B88C-43C3-8732-049BE39BC2FD}.Release|Any CPU.Build.0 = Release|Any CPU
	EndGlobalSection
	GlobalSection(SolutionProperties) = preSolution
		HideSolutionNode = FALSE
	EndGlobalSection
	GlobalSection(ExtensibilityGlobals) = postSolution
		SolutionGuid = {AE2373D3-23A2-4914-A43B-8FFFFA7D4CE8}
	EndGlobalSection
EndGlobal
